
Microsoft Visual Studio Solution File, Format Version 12.00
# Visual Studio Version 17
VisualStudioVersion = 17.4.33403.182
MinimumVisualStudioVersion = 10.0.40219.1
Project("{FAE04EC0-301F-11D3-BF4B-00C04F79EFBC}") = "DeleteByExtensions", "DeleteByExtensions.csproj", "{31971EF6-01DC-4BA2-9136-F61C11969769}"
EndProject
Global
	GlobalSection(SolutionConfigurationPlatforms) = preSolution
		Debug|Any CPU = Debug|Any CPU
		Release|Any CPU = Release|Any CPU
	EndGlobalSection
	GlobalSection(ProjectConfigurationPlatforms) = postSolution
		{31971EF6-01DC-4BA2-9136-F61C11969769}.Debug|Any CPU.ActiveCfg = Debug|Any CPU
		{31971EF6-01DC-4BA2-9136-F61C11969769}.Debug|Any CPU.Build.0 = Debug|Any CPU
		{31971EF6-01DC-4BA2-9136-F61C11969769}.Release|Any CPU.ActiveCfg = Release|Any CPU
		{31971EF6-01DC-4BA2-9136-F61C11969769}.Release|Any CPU.Build.0 = Release|Any CPU
	EndGlobalSection
	GlobalSection(SolutionProperties) = preSolution
		HideSolutionNode = FALSE
	EndGlobalSection
	GlobalSection(ExtensibilityGlobals) = postSolution
		SolutionGuid = {2F8B3B2C-C9CB-42DB-B5A8-66F18CEC8C9B}
	EndGlobalSection
EndGlobal
